dependencies:
  cybergear-robotics/icm20948:
    component_hash: 0008060e9532fd88dc358f771a2eece5ba31f34ff6a7ac17a7c669b50cc1b410
    dependencies:
    - name: idf
      require: private
      version: '>=5.0'
    source:
      registry_url: https://components.espressif.com/
      type: service
    version: 1.0.0
  espp/base_component:
    component_hash: 31ab3b138aa5f8c304e0a7590cb764ede244fefec36c5d3901f6050926ce7d15
    dependencies:
    - name: espp/logger
      registry_url: https://components.espressif.com
      require: private
      version: '>=1.0'
    - name: idf
      require: private
      version: '>=5.0'
    source:
      registry_url: https://components.espressif.com
      type: service
    version: 1.0.19
  espp/base_peripheral:
    component_hash: 02d88d01c9713ead35cd9d3fc4a221647dee9448f2be37814cfb17b891d8b118
    dependencies:
    - name: espp/base_component
      registry_url: https://components.espressif.com
      require: private
      version: '>=1.0'
    - name: idf
      require: private
      version: '>=5.0'
    source:
      registry_url: https://components.espressif.com
      type: service
    version: 1.0.19
  espp/format:
    component_hash: 401d02aa8ff101dde3c9628767d756231a867763c387d334232329ae2aca5ea5
    dependencies:
    - name: idf
      require: private
      version: '>=5.0'
    source:
      registry_url: https://components.espressif.com
      type: service
    version: 1.0.19
  espp/icm20948:
    component_hash: d8cf14f36c480c6c22439ba69dceb3ec268e13ffe76d0537decba042f121d0eb
    dependencies:
    - name: espp/base_peripheral
      registry_url: https://components.espressif.com
      require: private
      version: '>=1.0'
    - name: espp/math
      registry_url: https://components.espressif.com
      require: private
      version: '>=1.0'
    - name: espp/utils
      registry_url: https://components.espressif.com
      require: private
      version: '>=1.0'
    - name: idf
      require: private
      version: '>=5.0'
    source:
      registry_url: https://components.espressif.com/
      type: service
    version: 1.0.19
  espp/logger:
    component_hash: e65c295998be5fea7d345b20d57c00a7008583b87b422cd3adbde182f80b6d52
    dependencies:
    - name: espp/format
      registry_url: https://components.espressif.com
      require: private
      version: '>=1.0'
    - name: idf
      require: private
      version: '>=5.0'
    source:
      registry_url: https://components.espressif.com
      type: service
    version: 1.0.19
  espp/math:
    component_hash: 2b46cf4104b8194b0a61fb33dfcabde673e09b17ecac047e3af5aee156188760
    dependencies:
    - name: espp/format
      registry_url: https://components.espressif.com
      require: private
      version: '>=1.0'
    - name: idf
      require: private
      version: '>=5.0'
    source:
      registry_url: https://components.espressif.com
      type: service
    version: 1.0.19
  espp/utils:
    component_hash: 32de36a25d534ba48af658d633fd61f4dd0fdc0008fbe401e4cb46dbce1081ec
    dependencies:
    - name: idf
      require: private
      version: '>=5.0'
    source:
      registry_url: https://components.espressif.com
      type: service
    version: 1.0.19
  idf:
    source:
      type: idf
    version: 6.0.0
direct_dependencies:
- cybergear-robotics/icm20948
- espp/icm20948
- idf
manifest_hash: e9682e65b6eefa91e2cb608348aff73952162978f515572e0b78826cb0f5855d
target: esp32
version: 2.0.0
