dependencies:
  cybergear-robotics/icm20948:
    component_hash: 0008060e9532fd88dc358f771a2eece5ba31f34ff6a7ac17a7c669b50cc1b410
    dependencies:
    - name: idf
      require: private
      version: '>=5.0'
    source:
      registry_url: https://components.espressif.com/
      type: service
    version: 1.0.0
  idf:
    source:
      type: idf
    version: 5.5.0
direct_dependencies:
- cybergear-robotics/icm20948
- idf
manifest_hash: 8f3f136e93dffe95c9ed6a83d3c775544d326550258d8afe0e22d3928c6e5ff0
target: esp32
version: 2.0.0
